
Microsoft Visual Studio Solution File, Format Version 12.00
# Visual Studio Version 17
VisualStudioVersion = 17.7.34031.279
MinimumVisualStudioVersion = 10.0.40219.1
Project("{FAE04EC0-301F-11D3-BF4B-00C04F79EFBC}") = "Aula25_Cadastro2", "Aula25_Cadastro2\Aula25_Cadastro2.csproj", "{71A24A3F-12A7-4FF9-A1C5-304F70C6887C}"
EndProject
Global
	GlobalSection(SolutionConfigurationPlatforms) = preSolution
		Debug|Any CPU = Debug|Any CPU
		Release|Any CPU = Release|Any CPU
	EndGlobalSection
	GlobalSection(ProjectConfigurationPlatforms) = postSolution
		{71A24A3F-12A7-4FF9-A1C5-304F70C6887C}.Debug|Any CPU.ActiveCfg = Debug|Any CPU
		{71A24A3F-12A7-4FF9-A1C5-304F70C6887C}.Debug|Any CPU.Build.0 = Debug|Any CPU
		{71A24A3F-12A7-4FF9-A1C5-304F70C6887C}.Release|Any CPU.ActiveCfg = Release|Any CPU
		{71A24A3F-12A7-4FF9-A1C5-304F70C6887C}.Release|Any CPU.Build.0 = Release|Any CPU
	EndGlobalSection
	GlobalSection(SolutionProperties) = preSolution
		HideSolutionNode = FALSE
	EndGlobalSection
	GlobalSection(ExtensibilityGlobals) = postSolution
		SolutionGuid = {A5F9DF9F-30B5-4C0D-9A46-564C53E4B3DF}
	EndGlobalSection
EndGlobal
