
Microsoft Visual Studio Solution File, Format Version 12.00
# Visual Studio Version 17
VisualStudioVersion = 17.7.34031.279
MinimumVisualStudioVersion = 10.0.40219.1
Project("{FAE04EC0-301F-11D3-BF4B-00C04F79EFBC}") = "Exec1_POO", "Exec1_POO\Exec1_POO.csproj", "{62E8CEF9-DD1D-4863-AB46-C74FD94D09FD}"
EndProject
Global
	GlobalSection(SolutionConfigurationPlatforms) = preSolution
		Debug|Any CPU = Debug|Any CPU
		Release|Any CPU = Release|Any CPU
	EndGlobalSection
	GlobalSection(ProjectConfigurationPlatforms) = postSolution
		{62E8CEF9-DD1D-4863-AB46-C74FD94D09FD}.Debug|Any CPU.ActiveCfg = Debug|Any CPU
		{62E8CEF9-DD1D-4863-AB46-C74FD94D09FD}.Debug|Any CPU.Build.0 = Debug|Any CPU
		{62E8CEF9-DD1D-4863-AB46-C74FD94D09FD}.Release|Any CPU.ActiveCfg = Release|Any CPU
		{62E8CEF9-DD1D-4863-AB46-C74FD94D09FD}.Release|Any CPU.Build.0 = Release|Any CPU
	EndGlobalSection
	GlobalSection(SolutionProperties) = preSolution
		HideSolutionNode = FALSE
	EndGlobalSection
	GlobalSection(ExtensibilityGlobals) = postSolution
		SolutionGuid = {C6CC19DF-E1C8-438B-B4E5-AEB789124040}
	EndGlobalSection
EndGlobal
